
Microsoft Visual Studio Solution File, Format Version 12.00
# Visual Studio Version 17
VisualStudioVersion = 17.7.34018.315
MinimumVisualStudioVersion = 10.0.40219.1
Project("{FAE04EC0-301F-11D3-BF4B-00C04F79EFBC}") = "Ideal", "Ideal.csproj", "{6816A1B4-D609-4E0A-A450-6466A510F7D9}"
EndProject
Project("{FAE04EC0-301F-11D3-BF4B-00C04F79EFBC}") = "Ideal.Repository", "..\Ideal.Repository\Ideal.Repository.csproj", "{8F6A106C-9744-4C03-9ACE-ED33AC6B73BE}"
EndProject
Project("{FAE04EC0-301F-11D3-BF4B-00C04F79EFBC}") = "Ideal.Manager", "..\Ideal.Manager\Ideal.Manager.csproj", "{0C1BE8A9-1276-4AA1-8E3C-2446327F6D31}"
EndProject
Project("{FAE04EC0-301F-11D3-BF4B-00C04F79EFBC}") = "Ideal.Database", "..\Ideal.Database\Ideal.Database.csproj", "{6CCF76E4-4789-4A59-B20F-59EE61B909FF}"
EndProject
Project("{FAE04EC0-301F-11D3-BF4B-00C04F79EFBC}") = "Ideal.Model", "..\Ideal.Model\Ideal.Model.csproj", "{6D0DFAA4-0973-4A36-9AF3-B85CFC5BE40D}"
EndProject
Global
	GlobalSection(SolutionConfigurationPlatforms) = preSolution
		Debug|Any CPU = Debug|Any CPU
		Release|Any CPU = Release|Any CPU
	EndGlobalSection
	GlobalSection(ProjectConfigurationPlatforms) = postSolution
		{6816A1B4-D609-4E0A-A450-6466A510F7D9}.Debug|Any CPU.ActiveCfg = Debug|Any CPU
		{6816A1B4-D609-4E0A-A450-6466A510F7D9}.Debug|Any CPU.Build.0 = Debug|Any CPU
		{6816A1B4-D609-4E0A-A450-6466A510F7D9}.Release|Any CPU.ActiveCfg = Release|Any CPU
		{6816A1B4-D609-4E0A-A450-6466A510F7D9}.Release|Any CPU.Build.0 = Release|Any CPU
		{8F6A106C-9744-4C03-9ACE-ED33AC6B73BE}.Debug|Any CPU.ActiveCfg = Debug|Any CPU
		{8F6A106C-9744-4C03-9ACE-ED33AC6B73BE}.Debug|Any CPU.Build.0 = Debug|Any CPU
		{8F6A106C-9744-4C03-9ACE-ED33AC6B73BE}.Release|Any CPU.ActiveCfg = Release|Any CPU
		{8F6A106C-9744-4C03-9ACE-ED33AC6B73BE}.Release|Any CPU.Build.0 = Release|Any CPU
		{0C1BE8A9-1276-4AA1-8E3C-2446327F6D31}.Debug|Any CPU.ActiveCfg = Debug|Any CPU
		{0C1BE8A9-1276-4AA1-8E3C-2446327F6D31}.Debug|Any CPU.Build.0 = Debug|Any CPU
		{0C1BE8A9-1276-4AA1-8E3C-2446327F6D31}.Release|Any CPU.ActiveCfg = Release|Any CPU
		{0C1BE8A9-1276-4AA1-8E3C-2446327F6D31}.Release|Any CPU.Build.0 = Release|Any CPU
		{6CCF76E4-4789-4A59-B20F-59EE61B909FF}.Debug|Any CPU.ActiveCfg = Debug|Any CPU
		{6CCF76E4-4789-4A59-B20F-59EE61B909FF}.Debug|Any CPU.Build.0 = Debug|Any CPU
		{6CCF76E4-4789-4A59-B20F-59EE61B909FF}.Release|Any CPU.ActiveCfg = Release|Any CPU
		{6CCF76E4-4789-4A59-B20F-59EE61B909FF}.Release|Any CPU.Build.0 = Release|Any CPU
		{6D0DFAA4-0973-4A36-9AF3-B85CFC5BE40D}.Debug|Any CPU.ActiveCfg = Debug|Any CPU
		{6D0DFAA4-0973-4A36-9AF3-B85CFC5BE40D}.Debug|Any CPU.Build.0 = Debug|Any CPU
		{6D0DFAA4-0973-4A36-9AF3-B85CFC5BE40D}.Release|Any CPU.ActiveCfg = Release|Any CPU
		{6D0DFAA4-0973-4A36-9AF3-B85CFC5BE40D}.Release|Any CPU.Build.0 = Release|Any CPU
	EndGlobalSection
	GlobalSection(SolutionProperties) = preSolution
		HideSolutionNode = FALSE
	EndGlobalSection
	GlobalSection(ExtensibilityGlobals) = postSolution
		SolutionGuid = {13D7D8A4-3B58-4715-AF2C-FBE6950DFAA7}
	EndGlobalSection
EndGlobal
